// !$*UTF8*$!
{
	archiveVersion = 1;
	classes = {
	};
	objectVersion = 77;
	objects = {

/* Begin PBXBuildFile section */
		2ED35A9A2F7CF41800170117 /* libsqlite3.tbd in Frameworks */ = {isa = PBXBuildFile; fileRef = 2ED35A992F7CF3F500170117 /* libsqlite3.tbd */; };
/* End PBXBuildFile section */

/* Begin PBXContainerItemProxy section */
		2ED35A522F7CF32D00170117 /* PBXContainerItemProxy */ = {
			isa = PBXContainerItemProxy;
			containerPortal = 2ED35A3C2F7CF32C00170117 /* Project object */;
			proxyType = 1;
			remoteGlobalIDString = 2ED35A432F7CF32C00170117;
			remoteInfo = ProductivityTrackerApp;
		};
		2ED35A5C2F7CF32D00170117 /* PBXContainerItemProxy */ = {
			isa = PBXContainerItemProxy;
			containerPortal = 2ED35A3C2F7CF32C00170117 /* Project object */;
			proxyType = 1;
			remoteGlobalIDString = 2ED35A432F7CF32C00170117;
			remoteInfo = ProductivityTrackerApp;
		};
/* End PBXContainerItemProxy section */

/* Begin PBXFileReference section */
		2ED35A442F7CF32C00170117 /* ProductivityTrackerApp.app */ = {isa = PBXFileReference; explicitFileType = wrapper.application; includeInIndex = 0; path = ProductivityTrackerApp.app; sourceTree = BUILT_PRODUCTS_DIR; };
		2ED35A512F7CF32D00170117 /* ProductivityTrackerAppTests.xctest */ = {isa = PBXFileReference; explicitFileType = wrapper.cfbundle; includeInIndex = 0; path = ProductivityTrackerAppTests.xctest; sourceTree = BUILT_PRODUCTS_DIR; };
		2ED35A5B2F7CF32D00170117 /* ProductivityTrackerAppUITests.xctest */ = {isa = PBXFileReference; explicitFileType = wrapper.cfbundle; includeInIndex = 0; path = ProductivityTrackerAppUITests.xctest; sourceTree = BUILT_PRODUCTS_DIR; };
		2ED35A992F7CF3F500170117 /* libsqlite3.tbd */ = {isa = PBXFileReference; lastKnownFileType = "sourcecode.text-based-dylib-definition"; name = libsqlite3.tbd; path = usr/lib/libsqlite3.tbd; sourceTree = SDKROOT; };
/* End PBXFileReference section */

/* Begin PBXFileSystemSynchronizedRootGroup section */
		2ED35A462F7CF32C00170117 /* ProductivityTrackerApp */ = {
			isa = PBXFileSystemSynchronizedRootGroup;
			path = ProductivityTrackerApp;
			sourceTree = "<group>";
		};
		2ED35A542F7CF32D00170117 /* ProductivityTrackerAppTests */ = {
			isa = PBXFileSystemSynchronizedRootGroup;
			path = ProductivityTrackerAppTests;
			sourceTree = "<group>";
		};
		2ED35A5E2F7CF32D00170117 /* ProductivityTrackerAppUITests */ = {
			isa = PBXFileSystemSynchronizedRootGroup;
			path = ProductivityTrackerAppUITests;
			sourceTree = "<group>";
		};
/* End PBXFileSystemSynchronizedRootGroup section */

/* Begin PBXFrameworksBuildPhase section */
		2ED35A412F7CF32C00170117 /* Frameworks */ = {
			isa = PBXFrameworksBuildPhase;
			buildActionMask = 2147483647;
			files = (
				2ED35A9A2F7CF41800170117 /* libsqlite3.tbd in Frameworks */,
			);
			runOnlyForDeploymentPostprocessing = 0;
		};
		2ED35A4E2F7CF32D00170117 /* Frameworks */ = {
			isa = PBXFrameworksBuildPhase;
			buildActionMask = 2147483647;
			files = (
			);
			runOnlyForDeploymentPostprocessing = 0;
		};
		2ED35A582F7CF32D00170117 /* Frameworks */ = {
			isa = PBXFrameworksBuildPhase;
			buildActionMask = 2147483647;
			files = (
			);
			runOnlyForDeploymentPostprocessing = 0;
		};
/* End PBXFrameworksBuildPhase section */

/* Begin PBXGroup section */
		2ED35A3B2F7CF32C00170117 = {
			isa = PBXGroup;
			children = (
				2ED35A462F7CF32C00170117 /* ProductivityTrackerApp */,
				2ED35A542F7CF32D00170117 /* ProductivityTrackerAppTests */,
				2ED35A5E2F7CF32D00170117 /* ProductivityTrackerAppUITests */,
				2ED35A982F7CF3F500170117 /* Frameworks */,
				2ED35A452F7CF32C00170117 /* Products */,
			);
			sourceTree = "<group>";
		};
		2ED35A452F7CF32C00170117 /* Products */ = {
			isa = PBXGroup;
			children = (
				2ED35A442F7CF32C00170117 /* ProductivityTrackerApp.app */,
				2ED35A512F7CF32D00170117 /* ProductivityTrackerAppTests.xctest */,
				2ED35A5B2F7CF32D00170117 /* ProductivityTrackerAppUITests.xctest */,
			);
			name = Products;
			sourceTree = "<group>";
		};
		2ED35A982F7CF3F500170117 /* Frameworks */ = {
			isa = PBXGroup;
			children = (
				2ED35A992F7CF3F500170117 /* libsqlite3.tbd */,
			);
			name = Frameworks;
			sourceTree = "<group>";
		};
/* End PBXGroup section */

/* Begin PBXNativeTarget section */
		2ED35A432F7CF32C00170117 /* ProductivityTrackerApp */ = {
			isa = PBXNativeTarget;
			buildConfigurationList = 2ED35A652F7CF32D00170117 /* Build configuration list for PBXNativeTarget "ProductivityTrackerApp" */;
			buildPhases = (
				2ED35A402F7CF32C00170117 /* Sources */,
				2ED35A412F7CF32C00170117 /* Frameworks */,
				2ED35A422F7CF32C00170117 /* Resources */,
			);
			buildRules = (
			);
			dependencies = (
			);
			fileSystemSynchronizedGroups = (
				2ED35A462F7CF32C00170117 /* ProductivityTrackerApp */,
			);
			name = ProductivityTrackerApp;
			packageProductDependencies = (
			);
			productName = ProductivityTrackerApp;
			productReference = 2ED35A442F7CF32C00170117 /* ProductivityTrackerApp.app */;
			productType = "com.apple.product-type.application";
		};
		2ED35A502F7CF32D00170117 /* ProductivityTrackerAppTests */ = {
			isa = PBXNativeTarget;
			buildConfigurationList = 2ED35A682F7CF32D00170117 /* Build configuration list for PBXNativeTarget "ProductivityTrackerAppTests" */;
			buildPhases = (
				2ED35A4D2F7CF32D00170117 /* Sources */,
				2ED35A4E2F7CF32D00170117 /* Frameworks */,
				2ED35A4F2F7CF32D00170117 /* Resources */,
			);
			buildRules = (
			);
			dependencies = (
				2ED35A532F7CF32D00170117 /* PBXTargetDependency */,
			);
			fileSystemSynchronizedGroups = (
				2ED35A542F7CF32D00170117 /* ProductivityTrackerAppTests */,
			);
			name = ProductivityTrackerAppTests;
			packageProductDependencies = (
			);
			productName = ProductivityTrackerAppTests;
			productReference = 2ED35A512F7CF32D00170117 /* ProductivityTrackerAppTests.xctest */;
			productType = "com.apple.product-type.bundle.unit-test";
		};
		2ED35A5A2F7CF32D00170117 /* ProductivityTrackerAppUITests */ = {
			isa = PBXNativeTarget;
			buildConfigurationList = 2ED35A6B2F7CF32D00170117 /* Build configuration list for PBXNativeTarget "ProductivityTrackerAppUITests" */;
			buildPhases = (
				2ED35A572F7CF32D00170117 /* Sources */,
				2ED35A582F7CF32D00170117 /* Frameworks */,
				2ED35A592F7CF32D00170117 /* Resources */,
			);
			buildRules = (
			);
			dependencies = (
				2ED35A5D2F7CF32D00170117 /* PBXTargetDependency */,
			);
			fileSystemSynchronizedGroups = (
				2ED35A5E2F7CF32D00170117 /* ProductivityTrackerAppUITests */,
			);
			name = ProductivityTrackerAppUITests;
			packageProductDependencies = (
			);
			productName = ProductivityTrackerAppUITests;
			productReference = 2ED35A5B2F7CF32D00170117 /* ProductivityTrackerAppUITests.xctest */;
			productType = "com.apple.product-type.bundle.ui-testing";
		};
/* End PBXNativeTarget section */

/* Begin PBXProject section */
		2ED35A3C2F7CF32C00170117 /* Project object */ = {
			isa = PBXProject;
			attributes = {
				BuildIndependentTargetsInParallel = 1;
				LastSwiftUpdateCheck = 2630;
				LastUpgradeCheck = 2630;
				TargetAttributes = {
					2ED35A432F7CF32C00170117 = {
						CreatedOnToolsVersion = 26.3;
					};
					2ED35A502F7CF32D00170117 = {
						CreatedOnToolsVersion = 26.3;
						TestTargetID = 2ED35A432F7CF32C00170117;
					};
					2ED35A5A2F7CF32D00170117 = {
						CreatedOnToolsVersion = 26.3;
						TestTargetID = 2ED35A432F7CF32C00170117;
					};
				};
			};
			buildConfigurationList = 2ED35A3F2F7CF32C00170117 /* Build configuration list for PBXProject "ProductivityTrackerApp" */;
			developmentRegion = en;
			hasScannedForEncodings = 0;
			knownRegions = (
				en,
				Base,
			);
			mainGroup = 2ED35A3B2F7CF32C00170117;
			minimizedProjectReferenceProxies = 1;
			preferredProjectObjectVersion = 77;
			productRefGroup = 2ED35A452F7CF32C00170117 /* Products */;
			projectDirPath = "";
			projectRoot = "";
			targets = (
				2ED35A432F7CF32C00170117 /* ProductivityTrackerApp */,
				2ED35A502F7CF32D00170117 /* ProductivityTrackerAppTests */,
				2ED35A5A2F7CF32D00170117 /* ProductivityTrackerAppUITests */,
			);
		};
/* End PBXProject section */

/* Begin PBXResourcesBuildPhase section */
		2ED35A422F7CF32C00170117 /* Resources */ = {
			isa = PBXResourcesBuildPhase;
			buildActionMask = 2147483647;
			files = (
			);
			runOnlyForDeploymentPostprocessing = 0;
		};
		2ED35A4F2F7CF32D00170117 /* Resources */ = {
			isa = PBXResourcesBuildPhase;
			buildActionMask = 2147483647;
			files = (
			);
			runOnlyForDeploymentPostprocessing = 0;
		};
		2ED35A592F7CF32D00170117 /* Resources */ = {
			isa = PBXResourcesBuildPhase;
			buildActionMask = 2147483647;
			files = (
			);
			runOnlyForDeploymentPostprocessing = 0;
		};
/* End PBXResourcesBuildPhase section */

/* Begin PBXSourcesBuildPhase section */
		2ED35A402F7CF32C00170117 /* Sources */ = {
			isa = PBXSourcesBuildPhase;
			buildActionMask = 2147483647;
			files = (
			);
			runOnlyForDeploymentPostprocessing = 0;
		};
		2ED35A4D2F7CF32D00170117 /* Sources */ = {
			isa = PBXSourcesBuildPhase;
			buildActionMask = 2147483647;
			files = (
			);
			runOnlyForDeploymentPostprocessing = 0;
		};
		2ED35A572F7CF32D00170117 /* Sources */ = {
			isa = PBXSourcesBuildPhase;
			buildActionMask = 2147483647;
			files = (
			);
			runOnlyForDeploymentPostprocessing = 0;
		};
/* End PBXSourcesBuildPhase section */

/* Begin PBXTargetDependency section */
		2ED35A532F7CF32D00170117 /* PBXTargetDependency */ = {
			isa = PBXTargetDependency;
			target = 2ED35A432F7CF32C00170117 /* ProductivityTrackerApp */;
			targetProxy = 2ED35A522F7CF32D00170117 /* PBXContainerItemProxy */;
		};
		2ED35A5D2F7CF32D00170117 /* PBXTargetDependency */ = {
			isa = PBXTargetDependency;
			target = 2ED35A432F7CF32C00170117 /* ProductivityTrackerApp */;
			targetProxy = 2ED35A5C2F7CF32D00170117 /* PBXContainerItemProxy */;
		};
/* End PBXTargetDependency section */

/* Begin XCBuildConfiguration section */
		2ED35A632F7CF32D00170117 /* Debug */ = {
			isa = XCBuildConfiguration;
			buildSettings = {
				ALWAYS_SEARCH_USER_PATHS = NO;
				ASSETCATALOG_COMPILER_GENERATE_SWIFT_ASSET_SYMBOL_EXTENSIONS = YES;
				CLANG_ANALYZER_NONNULL = YES;
				CLANG_ANALYZER_NUMBER_OBJECT_CONVERSION = YES_AGGRESSIVE;
				CLANG_CXX_LANGUAGE_STANDARD = "gnu++20";
				CLANG_ENABLE_MODULES = YES;
				CLANG_ENABLE_OBJC_ARC = YES;
				CLANG_ENABLE_OBJC_WEAK = YES;
				CLANG_WARN_BLOCK_CAPTURE_AUTORELEASING = YES;
				CLANG_WARN_BOOL_CONVERSION = YES;
				CLANG_WARN_COMMA = YES;
				CLANG_WARN_CONSTANT_CONVERSION = YES;
				CLANG_WARN_DEPRECATED_OBJC_IMPLEMENTATIONS = YES;
				CLANG_WARN_DIRECT_OBJC_ISA_USAGE = YES_ERROR;
				CLANG_WARN_DOCUMENTATION_COMMENTS = YES;
				CLANG_WARN_EMPTY_BODY = YES;
				CLANG_WARN_ENUM_CONVERSION = YES;
				CLANG_WARN_INFINITE_RECURSION = YES;
				CLANG_WARN_INT_CONVERSION = YES;
				CLANG_WARN_NON_LITERAL_NULL_CONVERSION = YES;
				CLANG_WARN_OBJC_IMPLICIT_RETAIN_SELF = YES;
				CLANG_WARN_OBJC_LITERAL_CONVERSION = YES;
				CLANG_WARN_OBJC_ROOT_CLASS = YES_ERROR;
				CLANG_WARN_QUOTED_INCLUDE_IN_FRAMEWORK_HEADER = YES;
				CLANG_WARN_RANGE_LOOP_ANALYSIS = YES;
				CLANG_WARN_STRICT_PROTOTYPES = YES;
				CLANG_WARN_SUSPICIOUS_MOVE = YES;
				CLANG_WARN_UNGUARDED_AVAILABILITY = YES_AGGRESSIVE;
				CLANG_WARN_UNREACHABLE_CODE = YES;
				CLANG_WARN__DUPLICATE_METHOD_MATCH = YES;
				COPY_PHASE_STRIP = NO;
				DEBUG_INFORMATION_FORMAT = dwarf;
				DEVELOPMENT_TEAM = J3H2369VR8;
				ENABLE_STRICT_OBJC_MSGSEND = YES;
				ENABLE_TESTABILITY = YES;
				ENABLE_USER_SCRIPT_SANDBOXING = YES;
				GCC_C_LANGUAGE_STANDARD = gnu17;
				GCC_DYNAMIC_NO_PIC = NO;
				GCC_NO_COMMON_BLOCKS = YES;
				GCC_OPTIMIZATION_LEVEL = 0;
				GCC_PREPROCESSOR_DEFINITIONS = (
					"DEBUG=1",
					"$(inherited)",
				);
				GCC_WARN_64_TO_32_BIT_CONVERSION = YES;
				GCC_WARN_ABOUT_RETURN_TYPE = YES_ERROR;
				GCC_WARN_UNDECLARED_SELECTOR = YES;
				GCC_WARN_UNINITIALIZED_AUTOS = YES_AGGRESSIVE;
				GCC_WARN_UNUSED_FUNCTION = YES;
				GCC_WARN_UNUSED_VARIABLE = YES;
				IPHONEOS_DEPLOYMENT_TARGET = 26.2;
				LOCALIZATION_PREFERS_STRING_CATALOGS = YES;
				MTL_ENABLE_DEBUG_INFO = INCLUDE_SOURCE;
				MTL_FAST_MATH = YES;
				ONLY_ACTIVE_ARCH = YES;
				SDKROOT = iphoneos;
				SWIFT_ACTIVE_COMPILATION_CONDITIONS = "DEBUG $(inherited)";
				SWIFT_OPTIMIZATION_LEVEL = "-Onone";
			};
			name = Debug;
		};
		2ED35A642F7CF32D00170117 /* Release */ = {
			isa = XCBuildConfiguration;
			buildSettings = {
				ALWAYS_SEARCH_USER_PATHS = NO;
				ASSETCATALOG_COMPILER_GENERATE_SWIFT_ASSET_SYMBOL_EXTENSIONS = YES;
				CLANG_ANALYZER_NONNULL = YES;
				CLANG_ANALYZER_NUMBER_OBJECT_CONVERSION = YES_AGGRESSIVE;
				CLANG_CXX_LANGUAGE_STANDARD = "gnu++20";
				CLANG_ENABLE_MODULES = YES;
				CLANG_ENABLE_OBJC_ARC = YES;
				CLANG_ENABLE_OBJC_WEAK = YES;
				CLANG_WARN_BLOCK_CAPTURE_AUTORELEASING = YES;
				CLANG_WARN_BOOL_CONVERSION = YES;
				CLANG_WARN_COMMA = YES;
				CLANG_WARN_CONSTANT_CONVERSION = YES;
				CLANG_WARN_DEPRECATED_OBJC_IMPLEMENTATIONS = YES;
				CLANG_WARN_DIRECT_OBJC_ISA_USAGE = YES_ERROR;
				CLANG_WARN_DOCUMENTATION_COMMENTS = YES;
				CLANG_WARN_EMPTY_BODY = YES;
				CLANG_WARN_ENUM_CONVERSION = YES;
				CLANG_WARN_INFINITE_RECURSION = YES;
				CLANG_WARN_INT_CONVERSION = YES;
				CLANG_WARN_NON_LITERAL_NULL_CONVERSION = YES;
				CLANG_WARN_OBJC_IMPLICIT_RETAIN_SELF = YES;
				CLANG_WARN_OBJC_LITERAL_CONVERSION = YES;
				CLANG_WARN_OBJC_ROOT_CLASS = YES_ERROR;
				CLANG_WARN_QUOTED_INCLUDE_IN_FRAMEWORK_HEADER = YES;
				CLANG_WARN_RANGE_LOOP_ANALYSIS = YES;
				CLANG_WARN_STRICT_PROTOTYPES = YES;
				CLANG_WARN_SUSPICIOUS_MOVE = YES;
				CLANG_WARN_UNGUARDED_AVAILABILITY = YES_AGGRESSIVE;
				CLANG_WARN_UNREACHABLE_CODE = YES;
				CLANG_WARN__DUPLICATE_METHOD_MATCH = YES;
				COPY_PHASE_STRIP = NO;
				DEBUG_INFORMATION_FORMAT = "dwarf-with-dsym";
				DEVELOPMENT_TEAM = J3H2369VR8;
				ENABLE_NS_ASSERTIONS = NO;
				ENABLE_STRICT_OBJC_MSGSEND = YES;
				ENABLE_USER_SCRIPT_SANDBOXING = YES;
				GCC_C_LANGUAGE_STANDARD = gnu17;
				GCC_NO_COMMON_BLOCKS = YES;
				GCC_WARN_64_TO_32_BIT_CONVERSION = YES;
				GCC_WARN_ABOUT_RETURN_TYPE = YES_ERROR;
				GCC_WARN_UNDECLARED_SELECTOR = YES;
				GCC_WARN_UNINITIALIZED_AUTOS = YES_AGGRESSIVE;
				GCC_WARN_UNUSED_FUNCTION = YES;
				GCC_WARN_UNUSED_VARIABLE = YES;
				IPHONEOS_DEPLOYMENT_TARGET = 26.2;
				LOCALIZATION_PREFERS_STRING_CATALOGS = YES;
				MTL_ENABLE_DEBUG_INFO = NO;
				MTL_FAST_MATH = YES;
				SDKROOT = iphoneos;
				SWIFT_COMPILATION_MODE = wholemodule;
				VALIDATE_PRODUCT = YES;
			};
			name = Release;
		};
		2ED35A662F7CF32D00170117 /* Debug */ = {
			isa = XCBuildConfiguration;
			buildSettings = {
				ASSETCATALOG_COMPILER_APPICON_NAME = AppIcon;
				ASSETCATALOG_COMPILER_GLOBAL_ACCENT_COLOR_NAME = AccentColor;
				CODE_SIGN_STYLE = Automatic;
				CURRENT_PROJECT_VERSION = 1;
				DEVELOPMENT_TEAM = J3H2369VR8;
				ENABLE_PREVIEWS = YES;
				GENERATE_INFOPLIST_FILE = YES;
				INFOPLIST_KEY_UIApplicationSceneManifest_Generation = YES;
				INFOPLIST_KEY_UIApplicationSupportsIndirectInputEvents = YES;
				INFOPLIST_KEY_UILaunchScreen_Generation = YES;
				INFOPLIST_KEY_UISupportedInterfaceOrientations_iPad = "UIInterfaceOrientationPortrait UIInterfaceOrientationPortraitUpsideDown UIInterfaceOrientationLandscapeLeft UIInterfaceOrientationLandscapeRight";
				INFOPLIST_KEY_UISupportedInterfaceOrientations_iPhone = "UIInterfaceOrientationPortrait UIInterfaceOrientationLandscapeLeft UIInterfaceOrientationLandscapeRight";
				LD_RUNPATH_SEARCH_PATHS = (
					"$(inherited)",
					"@executable_path/Frameworks",
				);
				MARKETING_VERSION = 1.0;
				PRODUCT_BUNDLE_IDENTIFIER = com.myinfo.demoapp.ProductivityTrackerApp;
				PRODUCT_NAME = "$(TARGET_NAME)";
				STRING_CATALOG_GENERATE_SYMBOLS = YES;
				SWIFT_APPROACHABLE_CONCURRENCY = YES;
				SWIFT_DEFAULT_ACTOR_ISOLATION = MainActor;
				SWIFT_EMIT_LOC_STRINGS = YES;
				SWIFT_UPCOMING_FEATURE_MEMBER_IMPORT_VISIBILITY = YES;
				SWIFT_VERSION = 5.0;
				TARGETED_DEVICE_FAMILY = "1,2";
			};
			name = Debug;
		};
		2ED35A672F7CF32D00170117 /* Release */ = {
			isa = XCBuildConfiguration;
			buildSettings = {
				ASSETCATALOG_COMPILER_APPICON_NAME = AppIcon;
				ASSETCATALOG_COMPILER_GLOBAL_ACCENT_COLOR_NAME = AccentColor;
				CODE_SIGN_STYLE = Automatic;
				CURRENT_PROJECT_VERSION = 1;
				DEVELOPMENT_TEAM = J3H2369VR8;
				ENABLE_PREVIEWS = YES;
				GENERATE_INFOPLIST_FILE = YES;
				INFOPLIST_KEY_UIApplicationSceneManifest_Generation = YES;
				INFOPLIST_KEY_UIApplicationSupportsIndirectInputEvents = YES;
				INFOPLIST_KEY_UILaunchScreen_Generation = YES;
				INFOPLIST_KEY_UISupportedInterfaceOrientations_iPad = "UIInterfaceOrientationPortrait UIInterfaceOrientationPortraitUpsideDown UIInterfaceOrientationLandscapeLeft UIInterfaceOrientationLandscapeRight";
				INFOPLIST_KEY_UISupportedInterfaceOrientations_iPhone = "UIInterfaceOrientationPortrait UIInterfaceOrientationLandscapeLeft UIInterfaceOrientationLandscapeRight";
				LD_RUNPATH_SEARCH_PATHS = (
					"$(inherited)",
					"@executable_path/Frameworks",
				);
				MARKETING_VERSION = 1.0;
				PRODUCT_BUNDLE_IDENTIFIER = com.myinfo.demoapp.ProductivityTrackerApp;
				PRODUCT_NAME = "$(TARGET_NAME)";
				STRING_CATALOG_GENERATE_SYMBOLS = YES;
				SWIFT_APPROACHABLE_CONCURRENCY = YES;
				SWIFT_DEFAULT_ACTOR_ISOLATION = MainActor;
				SWIFT_EMIT_LOC_STRINGS = YES;
				SWIFT_UPCOMING_FEATURE_MEMBER_IMPORT_VISIBILITY = YES;
				SWIFT_VERSION = 5.0;
				TARGETED_DEVICE_FAMILY = "1,2";
			};
			name = Release;
		};
		2ED35A692F7CF32D00170117 /* Debug */ = {
			isa = XCBuildConfiguration;
			buildSettings = {
				BUNDLE_LOADER = "$(TEST_HOST)";
				CODE_SIGN_STYLE = Automatic;
				CURRENT_PROJECT_VERSION = 1;
				DEVELOPMENT_TEAM = J3H2369VR8;
				GENERATE_INFOPLIST_FILE = YES;
				IPHONEOS_DEPLOYMENT_TARGET = 26.2;
				MARKETING_VERSION = 1.0;
				PRODUCT_BUNDLE_IDENTIFIER = com.myinfo.demoapp.ProductivityTrackerAppTests;
				PRODUCT_NAME = "$(TARGET_NAME)";
				STRING_CATALOG_GENERATE_SYMBOLS = NO;
				SWIFT_APPROACHABLE_CONCURRENCY = YES;
				SWIFT_EMIT_LOC_STRINGS = NO;
				SWIFT_UPCOMING_FEATURE_MEMBER_IMPORT_VISIBILITY = YES;
				SWIFT_VERSION = 5.0;
				TARGETED_DEVICE_FAMILY = "1,2";
				TEST_HOST = "$(BUILT_PRODUCTS_DIR)/ProductivityTrackerApp.app/$(BUNDLE_EXECUTABLE_FOLDER_PATH)/ProductivityTrackerApp";
			};
			name = Debug;
		};
		2ED35A6A2F7CF32D00170117 /* Release */ = {
			isa = XCBuildConfiguration;
			buildSettings = {
				BUNDLE_LOADER = "$(TEST_HOST)";
				CODE_SIGN_STYLE = Automatic;
				CURRENT_PROJECT_VERSION = 1;
				DEVELOPMENT_TEAM = J3H2369VR8;
				GENERATE_INFOPLIST_FILE = YES;
				IPHONEOS_DEPLOYMENT_TARGET = 26.2;
				MARKETING_VERSION = 1.0;
				PRODUCT_BUNDLE_IDENTIFIER = com.myinfo.demoapp.ProductivityTrackerAppTests;
				PRODUCT_NAME = "$(TARGET_NAME)";
				STRING_CATALOG_GENERATE_SYMBOLS = NO;
				SWIFT_APPROACHABLE_CONCURRENCY = YES;
				SWIFT_EMIT_LOC_STRINGS = NO;
				SWIFT_UPCOMING_FEATURE_MEMBER_IMPORT_VISIBILITY = YES;
				SWIFT_VERSION = 5.0;
				TARGETED_DEVICE_FAMILY = "1,2";
				TEST_HOST = "$(BUILT_PRODUCTS_DIR)/ProductivityTrackerApp.app/$(BUNDLE_EXECUTABLE_FOLDER_PATH)/ProductivityTrackerApp";
			};
			name = Release;
		};
		2ED35A6C2F7CF32D00170117 /* Debug */ = {
			isa = XCBuildConfiguration;
			buildSettings = {
				CODE_SIGN_STYLE = Automatic;
				CURRENT_PROJECT_VERSION = 1;
				DEVELOPMENT_TEAM = J3H2369VR8;
				GENERATE_INFOPLIST_FILE = YES;
				MARKETING_VERSION = 1.0;
				PRODUCT_BUNDLE_IDENTIFIER = com.myinfo.demoapp.ProductivityTrackerAppUITests;
				PRODUCT_NAME = "$(TARGET_NAME)";
				STRING_CATALOG_GENERATE_SYMBOLS = NO;
				SWIFT_APPROACHABLE_CONCURRENCY = YES;
				SWIFT_EMIT_LOC_STRINGS = NO;
				SWIFT_UPCOMING_FEATURE_MEMBER_IMPORT_VISIBILITY = YES;
				SWIFT_VERSION = 5.0;
				TARGETED_DEVICE_FAMILY = "1,2";
				TEST_TARGET_NAME = ProductivityTrackerApp;
			};
			name = Debug;
		};
		2ED35A6D2F7CF32D00170117 /* Release */ = {
			isa = XCBuildConfiguration;
			buildSettings = {
				CODE_SIGN_STYLE = Automatic;
				CURRENT_PROJECT_VERSION = 1;
				DEVELOPMENT_TEAM = J3H2369VR8;
				GENERATE_INFOPLIST_FILE = YES;
				MARKETING_VERSION = 1.0;
				PRODUCT_BUNDLE_IDENTIFIER = com.myinfo.demoapp.ProductivityTrackerAppUITests;
				PRODUCT_NAME = "$(TARGET_NAME)";
				STRING_CATALOG_GENERATE_SYMBOLS = NO;
				SWIFT_APPROACHABLE_CONCURRENCY = YES;
				SWIFT_EMIT_LOC_STRINGS = NO;
				SWIFT_UPCOMING_FEATURE_MEMBER_IMPORT_VISIBILITY = YES;
				SWIFT_VERSION = 5.0;
				TARGETED_DEVICE_FAMILY = "1,2";
				TEST_TARGET_NAME = ProductivityTrackerApp;
			};
			name = Release;
		};
/* End XCBuildConfiguration section */

/* Begin XCConfigurationList section */
		2ED35A3F2F7CF32C00170117 /* Build configuration list for PBXProject "ProductivityTrackerApp" */ = {
			isa = XCConfigurationList;
			buildConfigurations = (
				2ED35A632F7CF32D00170117 /* Debug */,
				2ED35A642F7CF32D00170117 /* Release */,
			);
			defaultConfigurationIsVisible = 0;
			defaultConfigurationName = Release;
		};
		2ED35A652F7CF32D00170117 /* Build configuration list for PBXNativeTarget "ProductivityTrackerApp" */ = {
			isa = XCConfigurationList;
			buildConfigurations = (
				2ED35A662F7CF32D00170117 /* Debug */,
				2ED35A672F7CF32D00170117 /* Release */,
			);
			defaultConfigurationIsVisible = 0;
			defaultConfigurationName = Release;
		};
		2ED35A682F7CF32D00170117 /* Build configuration list for PBXNativeTarget "ProductivityTrackerAppTests" */ = {
			isa = XCConfigurationList;
			buildConfigurations = (
				2ED35A692F7CF32D00170117 /* Debug */,
				2ED35A6A2F7CF32D00170117 /* Release */,
			);
			defaultConfigurationIsVisible = 0;
			defaultConfigurationName = Release;
		};
		2ED35A6B2F7CF32D00170117 /* Build configuration list for PBXNativeTarget "ProductivityTrackerAppUITests" */ = {
			isa = XCConfigurationList;
			buildConfigurations = (
				2ED35A6C2F7CF32D00170117 /* Debug */,
				2ED35A6D2F7CF32D00170117 /* Release */,
			);
			defaultConfigurationIsVisible = 0;
			defaultConfigurationName = Release;
		};
/* End XCConfigurationList section */
	};
	rootObject = 2ED35A3C2F7CF32C00170117 /* Project object */;
}
